
Microsoft Visual Studio Solution File, Format Version 12.00
# Visual Studio Version 16
VisualStudioVersion = 16.0.31402.337
MinimumVisualStudioVersion = 10.0.40219.1
Project("{9A19103F-16F7-4668-BE54-9A1E7A4F7556}") = "ReportAspNetCore", "ReportAspNetCore\ReportAspNetCore.csproj", "{78CF3371-EAA9-46F6-BCCD-BBBC853CCF4C}"
EndProject
Global
	GlobalSection(SolutionConfigurationPlatforms) = preSolution
		Debug|Any CPU = Debug|Any CPU
		Release|Any CPU = Release|Any CPU
	EndGlobalSection
	GlobalSection(ProjectConfigurationPlatforms) = postSolution
		{78CF3371-EAA9-46F6-BCCD-BBBC853CCF4C}.Debug|Any CPU.ActiveCfg = Debug|Any CPU
		{78CF3371-EAA9-46F6-BCCD-BBBC853CCF4C}.Debug|Any CPU.Build.0 = Debug|Any CPU
		{78CF3371-EAA9-46F6-BCCD-BBBC853CCF4C}.Release|Any CPU.ActiveCfg = Release|Any CPU
		{78CF3371-EAA9-46F6-BCCD-BBBC853CCF4C}.Release|Any CPU.Build.0 = Release|Any CPU
	EndGlobalSection
	GlobalSection(SolutionProperties) = preSolution
		HideSolutionNode = FALSE
	EndGlobalSection
	GlobalSection(ExtensibilityGlobals) = postSolution
		SolutionGuid = {6B8B6B6D-F8B3-440C-BCF1-5A65974133B1}
	EndGlobalSection
EndGlobal
